github.com/Archs/gots v0.0.0-20140415191859-e30cafb67f9e h1:197MX+StzztgwU3tXRdnmGrYDiogY6KRW9Wb4U996BI=
github.com/Archs/gots v0.0.0-20140415191859-e30cafb67f9e/go.mod h1:b1fJSa+dJFqTwBRDbzyHC9ZxitABJA0u4cACMK/XOrU=
github.com/cilium/checkmate v1.0.3 h1:CQC5eOmlAZeEjPrVZY3ZwEBH64lHlx9mXYdUehEwI5w=
github.com/cilium/cilium v1.15.1 h1:RnNgjVFmu7MgSs3rJXo/8Js/2Fv7q3sJ+DLQcudSJc8=
github.com/cilium/cilium v1.15.1/go.mod h1:MJ6X0Qo3Hem2CP+yCcVI5EDcvh4yT6+2cq55A6AKpnA=
github.com/flier/gohs v1.2.2 h1:v1Pmzvv/PgYoJhmOHadKjKr0wpudb20WcF1ZF0miiM8=
github.com/flier/gohs v1.2.2/go.mod h1:YZaZuBeDNoFW94B4j+YFo7Lv3XlkwNm9vsOvk0E3kgY=
github.com/gopherjs/gopherjs v1.17.2 h1:fQnZVsXk8uxXIStYb0N4bGk7jeyTalG/wsZjQ25dO0g=
github.com/jtolds/gls v4.20.0+incompatible h1:xdiiI2gbIgH/gLH7ADydsJ1uDOEzR8yvV7C0MuV77Wo=
github.com/kr/pretty v0.3.1 h1:flRD4NNwYAUpkphVc1HcthR4KEIFJ65n8Mw5qdRn3LE=
github.com/kr/text v0.2.0 h1:5Nx0Ya0ZqY2ygV366QzturHI13Jq95ApcVaJBhpS+AY=
github.com/rogpeppe/go-internal v1.11.0 h1:cWPaGQEPrBb5/AsnsZesgZZ9yb1OQ+GOISoDNXVBh4M=
github.com/smartystreets/assertions v1.13.1 h1:Ef7KhSmjZcK6AVf9YbJdvPYG9avaF0ZxudX+ThRdWfU=
github.com/smartystreets/goconvey v1.8.0 h1:Oi49ha/2MURE0WexF052Z0m+BNSGirfjg5RL+JXWq3w=
